
Microsoft Visual Studio Solution File, Format Version 12.00
# Visual Studio Version 16
VisualStudioVersion = 16.0.30803.129
MinimumVisualStudioVersion = 10.0.40219.1
Project("{FAE04EC0-301F-11D3-BF4B-00C04F79EFBC}") = "DUMP7Architecture.Presentation", "DUMP7Architecture.Presentation.csproj", "{8D9EA3C9-201B-44FC-AB9D-1E763D275769}"
EndProject
Project("{FAE04EC0-301F-11D3-BF4B-00C04F79EFBC}") = "DUMP7Architecture.Domain", "..\DUMP7Architecture.Domain\DUMP7Architecture.Domain.csproj", "{44223651-3B29-40CE-BB0C-D73A46F3D21F}"
EndProject
Project("{FAE04EC0-301F-11D3-BF4B-00C04F79EFBC}") = "DUMP7Architecture.Data", "..\DUMP7Architecture.Data\DUMP7Architecture.Data.csproj", "{42505F83-5AF8-4B6D-B623-A6F4BF0869C2}"
EndProject
Global
	GlobalSection(SolutionConfigurationPlatforms) = preSolution
		Debug|Any CPU = Debug|Any CPU
		Release|Any CPU = Release|Any CPU
	EndGlobalSection
	GlobalSection(ProjectConfigurationPlatforms) = postSolution
		{8D9EA3C9-201B-44FC-AB9D-1E763D275769}.Debug|Any CPU.ActiveCfg = Debug|Any CPU
		{8D9EA3C9-201B-44FC-AB9D-1E763D275769}.Debug|Any CPU.Build.0 = Debug|Any CPU
		{8D9EA3C9-201B-44FC-AB9D-1E763D275769}.Release|Any CPU.ActiveCfg = Release|Any CPU
		{8D9EA3C9-201B-44FC-AB9D-1E763D275769}.Release|Any CPU.Build.0 = Release|Any CPU
		{44223651-3B29-40CE-BB0C-D73A46F3D21F}.Debug|Any CPU.ActiveCfg = Debug|Any CPU
		{44223651-3B29-40CE-BB0C-D73A46F3D21F}.Debug|Any CPU.Build.0 = Debug|Any CPU
		{44223651-3B29-40CE-BB0C-D73A46F3D21F}.Release|Any CPU.ActiveCfg = Release|Any CPU
		{44223651-3B29-40CE-BB0C-D73A46F3D21F}.Release|Any CPU.Build.0 = Release|Any CPU
		{42505F83-5AF8-4B6D-B623-A6F4BF0869C2}.Debug|Any CPU.ActiveCfg = Debug|Any CPU
		{42505F83-5AF8-4B6D-B623-A6F4BF0869C2}.Debug|Any CPU.Build.0 = Debug|Any CPU
		{42505F83-5AF8-4B6D-B623-A6F4BF0869C2}.Release|Any CPU.ActiveCfg = Release|Any CPU
		{42505F83-5AF8-4B6D-B623-A6F4BF0869C2}.Release|Any CPU.Build.0 = Release|Any CPU
	EndGlobalSection
	GlobalSection(SolutionProperties) = preSolution
		HideSolutionNode = FALSE
	EndGlobalSection
	GlobalSection(ExtensibilityGlobals) = postSolution
		SolutionGuid = {340D75F2-4AD1-494F-8AB3-4A89715210C4}
	EndGlobalSection
EndGlobal
